
Microsoft Visual Studio Solution File, Format Version 12.00
# Visual Studio Version 17
VisualStudioVersion = 17.0.32126.317
MinimumVisualStudioVersion = 10.0.40219.1
Project("{FAE04EC0-301F-11D3-BF4B-00C04F79EFBC}") = "SampleAPI", "SampleAPI\SampleAPI.csproj", "{05F4AA84-11EC-4B95-8AD1-0DA4CFEECC3D}"
EndProject
Global
	GlobalSection(SolutionConfigurationPlatforms) = preSolution
		Debug|Any CPU = Debug|Any CPU
		Release|Any CPU = Release|Any CPU
	EndGlobalSection
	GlobalSection(ProjectConfigurationPlatforms) = postSolution
		{05F4AA84-11EC-4B95-8AD1-0DA4CFEECC3D}.Debug|Any CPU.ActiveCfg = Debug|Any CPU
		{05F4AA84-11EC-4B95-8AD1-0DA4CFEECC3D}.Debug|Any CPU.Build.0 = Debug|Any CPU
		{05F4AA84-11EC-4B95-8AD1-0DA4CFEECC3D}.Release|Any CPU.ActiveCfg = Release|Any CPU
		{05F4AA84-11EC-4B95-8AD1-0DA4CFEECC3D}.Release|Any CPU.Build.0 = Release|Any CPU
	EndGlobalSection
	GlobalSection(SolutionProperties) = preSolution
		HideSolutionNode = FALSE
	EndGlobalSection
	GlobalSection(ExtensibilityGlobals) = postSolution
		SolutionGuid = {D5715424-0814-40F1-BB91-5C84C0AF9EBD}
	EndGlobalSection
EndGlobal
